// !$*UTF8*$!
{
	archiveVersion = 1;
	classes = {
	};
	objectVersion = 50;
	objects = {

/* Begin PBXBuildFile section */
		3DD561C27FB0F6B189744D09 /* Pods_JLToolsDemo.framework in Frameworks */ = {isa = PBXBuildFile; fileRef = B67BB94411AB4631C3DCA70D /* Pods_JLToolsDemo.framework */; };
		728FD7D3F29A55DD62C12C69 /* Pods_JLToolsDemo_JLToolsDemoUITests.framework in Frameworks */ = {isa = PBXBuildFile; fileRef = 7D8FFD05BA0AFE1025BD20D1 /* Pods_JLToolsDemo_JLToolsDemoUITests.framework */; };
		766D350330F14090E72C4A1F /* Pods_JLToolsDemoTests.framework in Frameworks */ = {isa = PBXBuildFile; fileRef = 02AE2EBC9B6E29608511C704 /* Pods_JLToolsDemoTests.framework */; };
		91F4C96C255D17F00090EAA6 /* AppDelegate.m in Sources */ = {isa = PBXBuildFile; fileRef = 91F4C96B255D17F00090EAA6 /* AppDelegate.m */; };
		91F4C96F255D17F00090EAA6 /* SceneDelegate.m in Sources */ = {isa = PBXBuildFile; fileRef = 91F4C96E255D17F00090EAA6 /* SceneDelegate.m */; };
		91F4C972255D17F00090EAA6 /* ViewController.m in Sources */ = {isa = PBXBuildFile; fileRef = 91F4C971255D17F00090EAA6 /* ViewController.m */; };
		91F4C975255D17F00090EAA6 /* Main.storyboard in Resources */ = {isa = PBXBuildFile; fileRef = 91F4C973255D17F00090EAA6 /* Main.storyboard */; };
		91F4C977255D17F20090EAA6 /* Assets.xcassets in Resources */ = {isa = PBXBuildFile; fileRef = 91F4C976255D17F20090EAA6 /* Assets.xcassets */; };
		91F4C97A255D17F20090EAA6 /* LaunchScreen.storyboard in Resources */ = {isa = PBXBuildFile; fileRef = 91F4C978255D17F20090EAA6 /* LaunchScreen.storyboard */; };
		91F4C97D255D17F20090EAA6 /* main.m in Sources */ = {isa = PBXBuildFile; fileRef = 91F4C97C255D17F20090EAA6 /* main.m */; };
		91F4C987255D17F20090EAA6 /* JLToolsDemoTests.m in Sources */ = {isa = PBXBuildFile; fileRef = 91F4C986255D17F20090EAA6 /* JLToolsDemoTests.m */; };
		91F4C992255D17F20090EAA6 /* JLToolsDemoUITests.m in Sources */ = {isa = PBXBuildFile; fileRef = 91F4C991255D17F20090EAA6 /* JLToolsDemoUITests.m */; };
/* End PBXBuildFile section */

/* Begin PBXContainerItemProxy section */
		91F4C983255D17F20090EAA6 /* PBXContainerItemProxy */ = {
			isa = PBXContainerItemProxy;
			containerPortal = 91F4C95F255D17F00090EAA6 /* Project object */;
			proxyType = 1;
			remoteGlobalIDString = 91F4C966255D17F00090EAA6;
			remoteInfo = JLToolsDemo;
		};
		91F4C98E255D17F20090EAA6 /* PBXContainerItemProxy */ = {
			isa = PBXContainerItemProxy;
			containerPortal = 91F4C95F255D17F00090EAA6 /* Project object */;
			proxyType = 1;
			remoteGlobalIDString = 91F4C966255D17F00090EAA6;
			remoteInfo = JLToolsDemo;
		};
/* End PBXContainerItemProxy section */

/* Begin PBXFileReference section */
		02AE2EBC9B6E29608511C704 /* Pods_JLToolsDemoTests.framework */ = {isa = PBXFileReference; explicitFileType = wrapper.framework; includeInIndex = 0; path = Pods_JLToolsDemoTests.framework; sourceTree = BUILT_PRODUCTS_DIR; };
		4A1C988D4801905B6864878D /* Pods-JLToolsDemo.debug.xcconfig */ = {isa = PBXFileReference; includeInIndex = 1; lastKnownFileType = text.xcconfig; name = "Pods-JLToolsDemo.debug.xcconfig"; path = "Target Support Files/Pods-JLToolsDemo/Pods-JLToolsDemo.debug.xcconfig"; sourceTree = "<group>"; };
		54D0A6F4D22FDB9090D9AC34 /* Pods-JLToolsDemo-JLToolsDemoUITests.release.xcconfig */ = {isa = PBXFileReference; includeInIndex = 1; lastKnownFileType = text.xcconfig; name = "Pods-JLToolsDemo-JLToolsDemoUITests.release.xcconfig"; path = "Target Support Files/Pods-JLToolsDemo-JLToolsDemoUITests/Pods-JLToolsDemo-JLToolsDemoUITests.release.xcconfig"; sourceTree = "<group>"; };
		5B700669175BC8B0B075BF01 /* Pods-JLToolsDemoTests.debug.xcconfig */ = {isa = PBXFileReference; includeInIndex = 1; lastKnownFileType = text.xcconfig; name = "Pods-JLToolsDemoTests.debug.xcconfig"; path = "Target Support Files/Pods-JLToolsDemoTests/Pods-JLToolsDemoTests.debug.xcconfig"; sourceTree = "<group>"; };
		6B7DD6AF02FC8FE57CF74F70 /* Pods-JLToolsDemo-JLToolsDemoUITests.debug.xcconfig */ = {isa = PBXFileReference; includeInIndex = 1; lastKnownFileType = text.xcconfig; name = "Pods-JLToolsDemo-JLToolsDemoUITests.debug.xcconfig"; path = "Target Support Files/Pods-JLToolsDemo-JLToolsDemoUITests/Pods-JLToolsDemo-JLToolsDemoUITests.debug.xcconfig"; sourceTree = "<group>"; };
		7D8FFD05BA0AFE1025BD20D1 /* Pods_JLToolsDemo_JLToolsDemoUITests.framework */ = {isa = PBXFileReference; explicitFileType = wrapper.framework; includeInIndex = 0; path = Pods_JLToolsDemo_JLToolsDemoUITests.framework; sourceTree = BUILT_PRODUCTS_DIR; };
		91F4C967255D17F00090EAA6 /* JLToolsDemo.app */ = {isa = PBXFileReference; explicitFileType = wrapper.application; includeInIndex = 0; path = JLToolsDemo.app; sourceTree = BUILT_PRODUCTS_DIR; };
		91F4C96A255D17F00090EAA6 /* AppDelegate.h */ = {isa = PBXFileReference; lastKnownFileType = sourcecode.c.h; path = AppDelegate.h; sourceTree = "<group>"; };
		91F4C96B255D17F00090EAA6 /* AppDelegate.m */ = {isa = PBXFileReference; lastKnownFileType = sourcecode.c.objc; path = AppDelegate.m; sourceTree = "<group>"; };
		91F4C96D255D17F00090EAA6 /* SceneDelegate.h */ = {isa = PBXFileReference; lastKnownFileType = sourcecode.c.h; path = SceneDelegate.h; sourceTree = "<group>"; };
		91F4C96E255D17F00090EAA6 /* SceneDelegate.m */ = {isa = PBXFileReference; lastKnownFileType = sourcecode.c.objc; path = SceneDelegate.m; sourceTree = "<group>"; };
		91F4C970255D17F00090EAA6 /* ViewController.h */ = {isa = PBXFileReference; lastKnownFileType = sourcecode.c.h; path = ViewController.h; sourceTree = "<group>"; };
		91F4C971255D17F00090EAA6 /* ViewController.m */ = {isa = PBXFileReference; lastKnownFileType = sourcecode.c.objc; path = ViewController.m; sourceTree = "<group>"; };
		91F4C974255D17F00090EAA6 /* Base */ = {isa = PBXFileReference; lastKnownFileType = file.storyboard; name = Base; path = Base.lproj/Main.storyboard; sourceTree = "<group>"; };
		91F4C976255D17F20090EAA6 /* Assets.xcassets */ = {isa = PBXFileReference; lastKnownFileType = folder.assetcatalog; path = Assets.xcassets; sourceTree = "<group>"; };
		91F4C979255D17F20090EAA6 /* Base */ = {isa = PBXFileReference; lastKnownFileType = file.storyboard; name = Base; path = Base.lproj/LaunchScreen.storyboard; sourceTree = "<group>"; };
		91F4C97B255D17F20090EAA6 /* Info.plist */ = {isa = PBXFileReference; lastKnownFileType = text.plist.xml; path = Info.plist; sourceTree = "<group>"; };
		91F4C97C255D17F20090EAA6 /* main.m */ = {isa = PBXFileReference; lastKnownFileType = sourcecode.c.objc; path = main.m; sourceTree = "<group>"; };
		91F4C982255D17F20090EAA6 /* JLToolsDemoTests.xctest */ = {isa = PBXFileReference; explicitFileType = wrapper.cfbundle; includeInIndex = 0; path = JLToolsDemoTests.xctest; sourceTree = BUILT_PRODUCTS_DIR; };
		91F4C986255D17F20090EAA6 /* JLToolsDemoTests.m */ = {isa = PBXFileReference; lastKnownFileType = sourcecode.c.objc; path = JLToolsDemoTests.m; sourceTree = "<group>"; };
		91F4C988255D17F20090EAA6 /* Info.plist */ = {isa = PBXFileReference; lastKnownFileType = text.plist.xml; path = Info.plist; sourceTree = "<group>"; };
		91F4C98D255D17F20090EAA6 /* JLToolsDemoUITests.xctest */ = {isa = PBXFileReference; explicitFileType = wrapper.cfbundle; includeInIndex = 0; path = JLToolsDemoUITests.xctest; sourceTree = BUILT_PRODUCTS_DIR; };
		91F4C991255D17F20090EAA6 /* JLToolsDemoUITests.m */ = {isa = PBXFileReference; lastKnownFileType = sourcecode.c.objc; path = JLToolsDemoUITests.m; sourceTree = "<group>"; };
		91F4C993255D17F20090EAA6 /* Info.plist */ = {isa = PBXFileReference; lastKnownFileType = text.plist.xml; path = Info.plist; sourceTree = "<group>"; };
		B67BB94411AB4631C3DCA70D /* Pods_JLToolsDemo.framework */ = {isa = PBXFileReference; explicitFileType = wrapper.framework; includeInIndex = 0; path = Pods_JLToolsDemo.framework; sourceTree = BUILT_PRODUCTS_DIR; };
		B75107FE25823944B914E79C /* Pods-JLToolsDemoTests.release.xcconfig */ = {isa = PBXFileReference; includeInIndex = 1; lastKnownFileType = text.xcconfig; name = "Pods-JLToolsDemoTests.release.xcconfig"; path = "Target Support Files/Pods-JLToolsDemoTests/Pods-JLToolsDemoTests.release.xcconfig"; sourceTree = "<group>"; };
		E99FD96467B3BF0B9F156849 /* Pods-JLToolsDemo.release.xcconfig */ = {isa = PBXFileReference; includeInIndex = 1; lastKnownFileType = text.xcconfig; name = "Pods-JLToolsDemo.release.xcconfig"; path = "Target Support Files/Pods-JLToolsDemo/Pods-JLToolsDemo.release.xcconfig"; sourceTree = "<group>"; };
/* End PBXFileReference section */

/* Begin PBXFrameworksBuildPhase section */
		91F4C964255D17F00090EAA6 /* Frameworks */ = {
			isa = PBXFrameworksBuildPhase;
			buildActionMask = 2147483647;
			files = (
				3DD561C27FB0F6B189744D09 /* Pods_JLToolsDemo.framework in Frameworks */,
			);
			runOnlyForDeploymentPostprocessing = 0;
		};
		91F4C97F255D17F20090EAA6 /* Frameworks */ = {
			isa = PBXFrameworksBuildPhase;
			buildActionMask = 2147483647;
			files = (
				766D350330F14090E72C4A1F /* Pods_JLToolsDemoTests.framework in Frameworks */,
			);
			runOnlyForDeploymentPostprocessing = 0;
		};
		91F4C98A255D17F20090EAA6 /* Frameworks */ = {
			isa = PBXFrameworksBuildPhase;
			buildActionMask = 2147483647;
			files = (
				728FD7D3F29A55DD62C12C69 /* Pods_JLToolsDemo_JLToolsDemoUITests.framework in Frameworks */,
			);
			runOnlyForDeploymentPostprocessing = 0;
		};
/* End PBXFrameworksBuildPhase section */

/* Begin PBXGroup section */
		6DED284CDC05C2642B8A6472 /* Pods */ = {
			isa = PBXGroup;
			children = (
				4A1C988D4801905B6864878D /* Pods-JLToolsDemo.debug.xcconfig */,
				E99FD96467B3BF0B9F156849 /* Pods-JLToolsDemo.release.xcconfig */,
				6B7DD6AF02FC8FE57CF74F70 /* Pods-JLToolsDemo-JLToolsDemoUITests.debug.xcconfig */,
				54D0A6F4D22FDB9090D9AC34 /* Pods-JLToolsDemo-JLToolsDemoUITests.release.xcconfig */,
				5B700669175BC8B0B075BF01 /* Pods-JLToolsDemoTests.debug.xcconfig */,
				B75107FE25823944B914E79C /* Pods-JLToolsDemoTests.release.xcconfig */,
			);
			name = Pods;
			path = Pods;
			sourceTree = "<group>";
		};
		781A3DF8870B9D5DAB95C97D /* Frameworks */ = {
			isa = PBXGroup;
			children = (
				B67BB94411AB4631C3DCA70D /* Pods_JLToolsDemo.framework */,
				7D8FFD05BA0AFE1025BD20D1 /* Pods_JLToolsDemo_JLToolsDemoUITests.framework */,
				02AE2EBC9B6E29608511C704 /* Pods_JLToolsDemoTests.framework */,
			);
			name = Frameworks;
			sourceTree = "<group>";
		};
		91F4C95E255D17F00090EAA6 = {
			isa = PBXGroup;
			children = (
				91F4C969255D17F00090EAA6 /* JLToolsDemo */,
				91F4C985255D17F20090EAA6 /* JLToolsDemoTests */,
				91F4C990255D17F20090EAA6 /* JLToolsDemoUITests */,
				91F4C968255D17F00090EAA6 /* Products */,
				6DED284CDC05C2642B8A6472 /* Pods */,
				781A3DF8870B9D5DAB95C97D /* Frameworks */,
			);
			sourceTree = "<group>";
		};
		91F4C968255D17F00090EAA6 /* Products */ = {
			isa = PBXGroup;
			children = (
				91F4C967255D17F00090EAA6 /* JLToolsDemo.app */,
				91F4C982255D17F20090EAA6 /* JLToolsDemoTests.xctest */,
				91F4C98D255D17F20090EAA6 /* JLToolsDemoUITests.xctest */,
			);
			name = Products;
			sourceTree = "<group>";
		};
		91F4C969255D17F00090EAA6 /* JLToolsDemo */ = {
			isa = PBXGroup;
			children = (
				91F4C96A255D17F00090EAA6 /* AppDelegate.h */,
				91F4C96B255D17F00090EAA6 /* AppDelegate.m */,
				91F4C96D255D17F00090EAA6 /* SceneDelegate.h */,
				91F4C96E255D17F00090EAA6 /* SceneDelegate.m */,
				91F4C970255D17F00090EAA6 /* ViewController.h */,
				91F4C971255D17F00090EAA6 /* ViewController.m */,
				91F4C973255D17F00090EAA6 /* Main.storyboard */,
				91F4C976255D17F20090EAA6 /* Assets.xcassets */,
				91F4C978255D17F20090EAA6 /* LaunchScreen.storyboard */,
				91F4C97B255D17F20090EAA6 /* Info.plist */,
				91F4C97C255D17F20090EAA6 /* main.m */,
			);
			path = JLToolsDemo;
			sourceTree = "<group>";
		};
		91F4C985255D17F20090EAA6 /* JLToolsDemoTests */ = {
			isa = PBXGroup;
			children = (
				91F4C986255D17F20090EAA6 /* JLToolsDemoTests.m */,
				91F4C988255D17F20090EAA6 /* Info.plist */,
			);
			path = JLToolsDemoTests;
			sourceTree = "<group>";
		};
		91F4C990255D17F20090EAA6 /* JLToolsDemoUITests */ = {
			isa = PBXGroup;
			children = (
				91F4C991255D17F20090EAA6 /* JLToolsDemoUITests.m */,
				91F4C993255D17F20090EAA6 /* Info.plist */,
			);
			path = JLToolsDemoUITests;
			sourceTree = "<group>";
		};
/* End PBXGroup section */

/* Begin PBXNativeTarget section */
		91F4C966255D17F00090EAA6 /* JLToolsDemo */ = {
			isa = PBXNativeTarget;
			buildConfigurationList = 91F4C996255D17F20090EAA6 /* Build configuration list for PBXNativeTarget "JLToolsDemo" */;
			buildPhases = (
				8BABA437A44E7AA469EC023F /* [CP] Check Pods Manifest.lock */,
				91F4C963255D17F00090EAA6 /* Sources */,
				91F4C964255D17F00090EAA6 /* Frameworks */,
				91F4C965255D17F00090EAA6 /* Resources */,
				04AB35056F52C40C1E148697 /* [CP] Embed Pods Frameworks */,
			);
			buildRules = (
			);
			dependencies = (
			);
			name = JLToolsDemo;
			productName = JLToolsDemo;
			productReference = 91F4C967255D17F00090EAA6 /* JLToolsDemo.app */;
			productType = "com.apple.product-type.application";
		};
		91F4C981255D17F20090EAA6 /* JLToolsDemoTests */ = {
			isa = PBXNativeTarget;
			buildConfigurationList = 91F4C999255D17F20090EAA6 /* Build configuration list for PBXNativeTarget "JLToolsDemoTests" */;
			buildPhases = (
				C3A68791800E312C2568F7B3 /* [CP] Check Pods Manifest.lock */,
				91F4C97E255D17F20090EAA6 /* Sources */,
				91F4C97F255D17F20090EAA6 /* Frameworks */,
				91F4C980255D17F20090EAA6 /* Resources */,
			);
			buildRules = (
			);
			dependencies = (
				91F4C984255D17F20090EAA6 /* PBXTargetDependency */,
			);
			name = JLToolsDemoTests;
			productName = JLToolsDemoTests;
			productReference = 91F4C982255D17F20090EAA6 /* JLToolsDemoTests.xctest */;
			productType = "com.apple.product-type.bundle.unit-test";
		};
		91F4C98C255D17F20090EAA6 /* JLToolsDemoUITests */ = {
			isa = PBXNativeTarget;
			buildConfigurationList = 91F4C99C255D17F20090EAA6 /* Build configuration list for PBXNativeTarget "JLToolsDemoUITests" */;
			buildPhases = (
				5276976A1E2476674C54D20A /* [CP] Check Pods Manifest.lock */,
				91F4C989255D17F20090EAA6 /* Sources */,
				91F4C98A255D17F20090EAA6 /* Frameworks */,
				91F4C98B255D17F20090EAA6 /* Resources */,
				2569366743849F4E93FFCEC6 /* [CP] Embed Pods Frameworks */,
			);
			buildRules = (
			);
			dependencies = (
				91F4C98F255D17F20090EAA6 /* PBXTargetDependency */,
			);
			name = JLToolsDemoUITests;
			productName = JLToolsDemoUITests;
			productReference = 91F4C98D255D17F20090EAA6 /* JLToolsDemoUITests.xctest */;
			productType = "com.apple.product-type.bundle.ui-testing";
		};
/* End PBXNativeTarget section */

/* Begin PBXProject section */
		91F4C95F255D17F00090EAA6 /* Project object */ = {
			isa = PBXProject;
			attributes = {
				LastUpgradeCheck = 1210;
				TargetAttributes = {
					91F4C966255D17F00090EAA6 = {
						CreatedOnToolsVersion = 12.1;
					};
					91F4C981255D17F20090EAA6 = {
						CreatedOnToolsVersion = 12.1;
						TestTargetID = 91F4C966255D17F00090EAA6;
					};
					91F4C98C255D17F20090EAA6 = {
						CreatedOnToolsVersion = 12.1;
						TestTargetID = 91F4C966255D17F00090EAA6;
					};
				};
			};
			buildConfigurationList = 91F4C962255D17F00090EAA6 /* Build configuration list for PBXProject "JLToolsDemo" */;
			compatibilityVersion = "Xcode 9.3";
			developmentRegion = en;
			hasScannedForEncodings = 0;
			knownRegions = (
				en,
				Base,
			);
			mainGroup = 91F4C95E255D17F00090EAA6;
			productRefGroup = 91F4C968255D17F00090EAA6 /* Products */;
			projectDirPath = "";
			projectRoot = "";
			targets = (
				91F4C966255D17F00090EAA6 /* JLToolsDemo */,
				91F4C981255D17F20090EAA6 /* JLToolsDemoTests */,
				91F4C98C255D17F20090EAA6 /* JLToolsDemoUITests */,
			);
		};
/* End PBXProject section */

/* Begin PBXResourcesBuildPhase section */
		91F4C965255D17F00090EAA6 /* Resources */ = {
			isa = PBXResourcesBuildPhase;
			buildActionMask = 2147483647;
			files = (
				91F4C97A255D17F20090EAA6 /* LaunchScreen.storyboard in Resources */,
				91F4C977255D17F20090EAA6 /* Assets.xcassets in Resources */,
				91F4C975255D17F00090EAA6 /* Main.storyboard in Resources */,
			);
			runOnlyForDeploymentPostprocessing = 0;
		};
		91F4C980255D17F20090EAA6 /* Resources */ = {
			isa = PBXResourcesBuildPhase;
			buildActionMask = 2147483647;
			files = (
			);
			runOnlyForDeploymentPostprocessing = 0;
		};
		91F4C98B255D17F20090EAA6 /* Resources */ = {
			isa = PBXResourcesBuildPhase;
			buildActionMask = 2147483647;
			files = (
			);
			runOnlyForDeploymentPostprocessing = 0;
		};
/* End PBXResourcesBuildPhase section */

/* Begin PBXShellScriptBuildPhase section */
		04AB35056F52C40C1E148697 /* [CP] Embed Pods Frameworks */ = {
			isa = PBXShellScriptBuildPhase;
			buildActionMask = 2147483647;
			files = (
			);
			inputFileListPaths = (
				"${PODS_ROOT}/Target Support Files/Pods-JLToolsDemo/Pods-JLToolsDemo-frameworks-${CONFIGURATION}-input-files.xcfilelist",
			);
			name = "[CP] Embed Pods Frameworks";
			outputFileListPaths = (
				"${PODS_ROOT}/Target Support Files/Pods-JLToolsDemo/Pods-JLToolsDemo-frameworks-${CONFIGURATION}-output-files.xcfilelist",
			);
			runOnlyForDeploymentPostprocessing = 0;
			shellPath = /bin/sh;
			shellScript = "\"${PODS_ROOT}/Target Support Files/Pods-JLToolsDemo/Pods-JLToolsDemo-frameworks.sh\"\n";
			showEnvVarsInLog = 0;
		};
		2569366743849F4E93FFCEC6 /* [CP] Embed Pods Frameworks */ = {
			isa = PBXShellScriptBuildPhase;
			buildActionMask = 2147483647;
			files = (
			);
			inputFileListPaths = (
				"${PODS_ROOT}/Target Support Files/Pods-JLToolsDemo-JLToolsDemoUITests/Pods-JLToolsDemo-JLToolsDemoUITests-frameworks-${CONFIGURATION}-input-files.xcfilelist",
			);
			name = "[CP] Embed Pods Frameworks";
			outputFileListPaths = (
				"${PODS_ROOT}/Target Support Files/Pods-JLToolsDemo-JLToolsDemoUITests/Pods-JLToolsDemo-JLToolsDemoUITests-frameworks-${CONFIGURATION}-output-files.xcfilelist",
			);
			runOnlyForDeploymentPostprocessing = 0;
			shellPath = /bin/sh;
			shellScript = "\"${PODS_ROOT}/Target Support Files/Pods-JLToolsDemo-JLToolsDemoUITests/Pods-JLToolsDemo-JLToolsDemoUITests-frameworks.sh\"\n";
			showEnvVarsInLog = 0;
		};
		5276976A1E2476674C54D20A /* [CP] Check Pods Manifest.lock */ = {
			isa = PBXShellScriptBuildPhase;
			buildActionMask = 2147483647;
			files = (
			);
			inputFileListPaths = (
			);
			inputPaths = (
				"${PODS_PODFILE_DIR_PATH}/Podfile.lock",
				"${PODS_ROOT}/Manifest.lock",
			);
			name = "[CP] Check Pods Manifest.lock";
			outputFileListPaths = (
			);
			outputPaths = (
				"$(DERIVED_FILE_DIR)/Pods-JLToolsDemo-JLToolsDemoUITests-checkManifestLockResult.txt",
			);
			runOnlyForDeploymentPostprocessing = 0;
			shellPath = /bin/sh;
			shellScript = "diff \"${PODS_PODFILE_DIR_PATH}/Podfile.lock\" \"${PODS_ROOT}/Manifest.lock\" > /dev/null\nif [ $? != 0 ] ; then\n    # print error to STDERR\n    echo \"error: The sandbox is not in sync with the Podfile.lock. Run 'pod install' or update your CocoaPods installation.\" >&2\n    exit 1\nfi\n# This output is used by Xcode 'outputs' to avoid re-running this script phase.\necho \"SUCCESS\" > \"${SCRIPT_OUTPUT_FILE_0}\"\n";
			showEnvVarsInLog = 0;
		};
		8BABA437A44E7AA469EC023F /* [CP] Check Pods Manifest.lock */ = {
			isa = PBXShellScriptBuildPhase;
			buildActionMask = 2147483647;
			files = (
			);
			inputFileListPaths = (
			);
			inputPaths = (
				"${PODS_PODFILE_DIR_PATH}/Podfile.lock",
				"${PODS_ROOT}/Manifest.lock",
			);
			name = "[CP] Check Pods Manifest.lock";
			outputFileListPaths = (
			);
			outputPaths = (
				"$(DERIVED_FILE_DIR)/Pods-JLToolsDemo-checkManifestLockResult.txt",
			);
			runOnlyForDeploymentPostprocessing = 0;
			shellPath = /bin/sh;
			shellScript = "diff \"${PODS_PODFILE_DIR_PATH}/Podfile.lock\" \"${PODS_ROOT}/Manifest.lock\" > /dev/null\nif [ $? != 0 ] ; then\n    # print error to STDERR\n    echo \"error: The sandbox is not in sync with the Podfile.lock. Run 'pod install' or update your CocoaPods installation.\" >&2\n    exit 1\nfi\n# This output is used by Xcode 'outputs' to avoid re-running this script phase.\necho \"SUCCESS\" > \"${SCRIPT_OUTPUT_FILE_0}\"\n";
			showEnvVarsInLog = 0;
		};
		C3A68791800E312C2568F7B3 /* [CP] Check Pods Manifest.lock */ = {
			isa = PBXShellScriptBuildPhase;
			buildActionMask = 2147483647;
			files = (
			);
			inputFileListPaths = (
			);
			inputPaths = (
				"${PODS_PODFILE_DIR_PATH}/Podfile.lock",
				"${PODS_ROOT}/Manifest.lock",
			);
			name = "[CP] Check Pods Manifest.lock";
			outputFileListPaths = (
			);
			outputPaths = (
				"$(DERIVED_FILE_DIR)/Pods-JLToolsDemoTests-checkManifestLockResult.txt",
			);
			runOnlyForDeploymentPostprocessing = 0;
			shellPath = /bin/sh;
			shellScript = "diff \"${PODS_PODFILE_DIR_PATH}/Podfile.lock\" \"${PODS_ROOT}/Manifest.lock\" > /dev/null\nif [ $? != 0 ] ; then\n    # print error to STDERR\n    echo \"error: The sandbox is not in sync with the Podfile.lock. Run 'pod install' or update your CocoaPods installation.\" >&2\n    exit 1\nfi\n# This output is used by Xcode 'outputs' to avoid re-running this script phase.\necho \"SUCCESS\" > \"${SCRIPT_OUTPUT_FILE_0}\"\n";
			showEnvVarsInLog = 0;
		};
/* End PBXShellScriptBuildPhase section */

/* Begin PBXSourcesBuildPhase section */
		91F4C963255D17F00090EAA6 /* Sources */ = {
			isa = PBXSourcesBuildPhase;
			buildActionMask = 2147483647;
			files = (
				91F4C972255D17F00090EAA6 /* ViewController.m in Sources */,
				91F4C96C255D17F00090EAA6 /* AppDelegate.m in Sources */,
				91F4C97D255D17F20090EAA6 /* main.m in Sources */,
				91F4C96F255D17F00090EAA6 /* SceneDelegate.m in Sources */,
			);
			runOnlyForDeploymentPostprocessing = 0;
		};
		91F4C97E255D17F20090EAA6 /* Sources */ = {
			isa = PBXSourcesBuildPhase;
			buildActionMask = 2147483647;
			files = (
				91F4C987255D17F20090EAA6 /* JLToolsDemoTests.m in Sources */,
			);
			runOnlyForDeploymentPostprocessing = 0;
		};
		91F4C989255D17F20090EAA6 /* Sources */ = {
			isa = PBXSourcesBuildPhase;
			buildActionMask = 2147483647;
			files = (
				91F4C992255D17F20090EAA6 /* JLToolsDemoUITests.m in Sources */,
			);
			runOnlyForDeploymentPostprocessing = 0;
		};
/* End PBXSourcesBuildPhase section */

/* Begin PBXTargetDependency section */
		91F4C984255D17F20090EAA6 /* PBXTargetDependency */ = {
			isa = PBXTargetDependency;
			target = 91F4C966255D17F00090EAA6 /* JLToolsDemo */;
			targetProxy = 91F4C983255D17F20090EAA6 /* PBXContainerItemProxy */;
		};
		91F4C98F255D17F20090EAA6 /* PBXTargetDependency */ = {
			isa = PBXTargetDependency;
			target = 91F4C966255D17F00090EAA6 /* JLToolsDemo */;
			targetProxy = 91F4C98E255D17F20090EAA6 /* PBXContainerItemProxy */;
		};
/* End PBXTargetDependency section */

/* Begin PBXVariantGroup section */
		91F4C973255D17F00090EAA6 /* Main.storyboard */ = {
			isa = PBXVariantGroup;
			children = (
				91F4C974255D17F00090EAA6 /* Base */,
			);
			name = Main.storyboard;
			sourceTree = "<group>";
		};
		91F4C978255D17F20090EAA6 /* LaunchScreen.storyboard */ = {
			isa = PBXVariantGroup;
			children = (
				91F4C979255D17F20090EAA6 /* Base */,
			);
			name = LaunchScreen.storyboard;
			sourceTree = "<group>";
		};
/* End PBXVariantGroup section */

/* Begin XCBuildConfiguration section */
		91F4C994255D17F20090EAA6 /* Debug */ = {
			isa = XCBuildConfiguration;
			buildSettings = {
				ALWAYS_SEARCH_USER_PATHS = NO;
				CLANG_ANALYZER_NONNULL = YES;
				CLANG_ANALYZER_NUMBER_OBJECT_CONVERSION = YES_AGGRESSIVE;
				CLANG_CXX_LANGUAGE_STANDARD = "gnu++14";
				CLANG_CXX_LIBRARY = "libc++";
				CLANG_ENABLE_MODULES = YES;
				CLANG_ENABLE_OBJC_ARC = YES;
				CLANG_ENABLE_OBJC_WEAK = YES;
				CLANG_WARN_BLOCK_CAPTURE_AUTORELEASING = YES;
				CLANG_WARN_BOOL_CONVERSION = YES;
				CLANG_WARN_COMMA = YES;
				CLANG_WARN_CONSTANT_CONVERSION = YES;
				CLANG_WARN_DEPRECATED_OBJC_IMPLEMENTATIONS = YES;
				CLANG_WARN_DIRECT_OBJC_ISA_USAGE = YES_ERROR;
				CLANG_WARN_DOCUMENTATION_COMMENTS = YES;
				CLANG_WARN_EMPTY_BODY = YES;
				CLANG_WARN_ENUM_CONVERSION = YES;
				CLANG_WARN_INFINITE_RECURSION = YES;
				CLANG_WARN_INT_CONVERSION = YES;
				CLANG_WARN_NON_LITERAL_NULL_CONVERSION = YES;
				CLANG_WARN_OBJC_IMPLICIT_RETAIN_SELF = YES;
				CLANG_WARN_OBJC_LITERAL_CONVERSION = YES;
				CLANG_WARN_OBJC_ROOT_CLASS = YES_ERROR;
				CLANG_WARN_QUOTED_INCLUDE_IN_FRAMEWORK_HEADER = YES;
				CLANG_WARN_RANGE_LOOP_ANALYSIS = YES;
				CLANG_WARN_STRICT_PROTOTYPES = YES;
				CLANG_WARN_SUSPICIOUS_MOVE = YES;
				CLANG_WARN_UNGUARDED_AVAILABILITY = YES_AGGRESSIVE;
				CLANG_WARN_UNREACHABLE_CODE = YES;
				CLANG_WARN__DUPLICATE_METHOD_MATCH = YES;
				COPY_PHASE_STRIP = NO;
				DEBUG_INFORMATION_FORMAT = dwarf;
				ENABLE_STRICT_OBJC_MSGSEND = YES;
				ENABLE_TESTABILITY = YES;
				GCC_C_LANGUAGE_STANDARD = gnu11;
				GCC_DYNAMIC_NO_PIC = NO;
				GCC_NO_COMMON_BLOCKS = YES;
				GCC_OPTIMIZATION_LEVEL = 0;
				GCC_PREPROCESSOR_DEFINITIONS = (
					"DEBUG=1",
					"$(inherited)",
				);
				GCC_WARN_64_TO_32_BIT_CONVERSION = YES;
				GCC_WARN_ABOUT_RETURN_TYPE = YES_ERROR;
				GCC_WARN_UNDECLARED_SELECTOR = YES;
				GCC_WARN_UNINITIALIZED_AUTOS = YES_AGGRESSIVE;
				GCC_WARN_UNUSED_FUNCTION = YES;
				GCC_WARN_UNUSED_VARIABLE = YES;
				IPHONEOS_DEPLOYMENT_TARGET = 14.1;
				MTL_ENABLE_DEBUG_INFO = INCLUDE_SOURCE;
				MTL_FAST_MATH = YES;
				ONLY_ACTIVE_ARCH = YES;
				SDKROOT = iphoneos;
			};
			name = Debug;
		};
		91F4C995255D17F20090EAA6 /* Release */ = {
			isa = XCBuildConfiguration;
			buildSettings = {
				ALWAYS_SEARCH_USER_PATHS = NO;
				CLANG_ANALYZER_NONNULL = YES;
				CLANG_ANALYZER_NUMBER_OBJECT_CONVERSION = YES_AGGRESSIVE;
				CLANG_CXX_LANGUAGE_STANDARD = "gnu++14";
				CLANG_CXX_LIBRARY = "libc++";
				CLANG_ENABLE_MODULES = YES;
				CLANG_ENABLE_OBJC_ARC = YES;
				CLANG_ENABLE_OBJC_WEAK = YES;
				CLANG_WARN_BLOCK_CAPTURE_AUTORELEASING = YES;
				CLANG_WARN_BOOL_CONVERSION = YES;
				CLANG_WARN_COMMA = YES;
				CLANG_WARN_CONSTANT_CONVERSION = YES;
				CLANG_WARN_DEPRECATED_OBJC_IMPLEMENTATIONS = YES;
				CLANG_WARN_DIRECT_OBJC_ISA_USAGE = YES_ERROR;
				CLANG_WARN_DOCUMENTATION_COMMENTS = YES;
				CLANG_WARN_EMPTY_BODY = YES;
				CLANG_WARN_ENUM_CONVERSION = YES;
				CLANG_WARN_INFINITE_RECURSION = YES;
				CLANG_WARN_INT_CONVERSION = YES;
				CLANG_WARN_NON_LITERAL_NULL_CONVERSION = YES;
				CLANG_WARN_OBJC_IMPLICIT_RETAIN_SELF = YES;
				CLANG_WARN_OBJC_LITERAL_CONVERSION = YES;
				CLANG_WARN_OBJC_ROOT_CLASS = YES_ERROR;
				CLANG_WARN_QUOTED_INCLUDE_IN_FRAMEWORK_HEADER = YES;
				CLANG_WARN_RANGE_LOOP_ANALYSIS = YES;
				CLANG_WARN_STRICT_PROTOTYPES = YES;
				CLANG_WARN_SUSPICIOUS_MOVE = YES;
				CLANG_WARN_UNGUARDED_AVAILABILITY = YES_AGGRESSIVE;
				CLANG_WARN_UNREACHABLE_CODE = YES;
				CLANG_WARN__DUPLICATE_METHOD_MATCH = YES;
				COPY_PHASE_STRIP = NO;
				DEBUG_INFORMATION_FORMAT = "dwarf-with-dsym";
				ENABLE_NS_ASSERTIONS = NO;
				ENABLE_STRICT_OBJC_MSGSEND = YES;
				GCC_C_LANGUAGE_STANDARD = gnu11;
				GCC_NO_COMMON_BLOCKS = YES;
				GCC_WARN_64_TO_32_BIT_CONVERSION = YES;
				GCC_WARN_ABOUT_RETURN_TYPE = YES_ERROR;
				GCC_WARN_UNDECLARED_SELECTOR = YES;
				GCC_WARN_UNINITIALIZED_AUTOS = YES_AGGRESSIVE;
				GCC_WARN_UNUSED_FUNCTION = YES;
				GCC_WARN_UNUSED_VARIABLE = YES;
				IPHONEOS_DEPLOYMENT_TARGET = 14.1;
				MTL_ENABLE_DEBUG_INFO = NO;
				MTL_FAST_MATH = YES;
				SDKROOT = iphoneos;
				VALIDATE_PRODUCT = YES;
			};
			name = Release;
		};
		91F4C997255D17F20090EAA6 /* Debug */ = {
			isa = XCBuildConfiguration;
			baseConfigurationReference = 4A1C988D4801905B6864878D /* Pods-JLToolsDemo.debug.xcconfig */;
			buildSettings = {
				ASSETCATALOG_COMPILER_APPICON_NAME = AppIcon;
				ASSETCATALOG_COMPILER_GLOBAL_ACCENT_COLOR_NAME = AccentColor;
				CODE_SIGN_STYLE = Automatic;
				DEVELOPMENT_TEAM = BA6JPD8SYU;
				INFOPLIST_FILE = JLToolsDemo/Info.plist;
				LD_RUNPATH_SEARCH_PATHS = (
					"$(inherited)",
					"@executable_path/Frameworks",
				);
				PRODUCT_BUNDLE_IDENTIFIER = JohnLyn.JLToolsDemo;
				PRODUCT_NAME = "$(TARGET_NAME)";
				TARGETED_DEVICE_FAMILY = "1,2";
			};
			name = Debug;
		};
		91F4C998255D17F20090EAA6 /* Release */ = {
			isa = XCBuildConfiguration;
			baseConfigurationReference = E99FD96467B3BF0B9F156849 /* Pods-JLToolsDemo.release.xcconfig */;
			buildSettings = {
				ASSETCATALOG_COMPILER_APPICON_NAME = AppIcon;
				ASSETCATALOG_COMPILER_GLOBAL_ACCENT_COLOR_NAME = AccentColor;
				CODE_SIGN_STYLE = Automatic;
				DEVELOPMENT_TEAM = BA6JPD8SYU;
				INFOPLIST_FILE = JLToolsDemo/Info.plist;
				LD_RUNPATH_SEARCH_PATHS = (
					"$(inherited)",
					"@executable_path/Frameworks",
				);
				PRODUCT_BUNDLE_IDENTIFIER = JohnLyn.JLToolsDemo;
				PRODUCT_NAME = "$(TARGET_NAME)";
				TARGETED_DEVICE_FAMILY = "1,2";
			};
			name = Release;
		};
		91F4C99A255D17F20090EAA6 /* Debug */ = {
			isa = XCBuildConfiguration;
			baseConfigurationReference = 5B700669175BC8B0B075BF01 /* Pods-JLToolsDemoTests.debug.xcconfig */;
			buildSettings = {
				BUNDLE_LOADER = "$(TEST_HOST)";
				CODE_SIGN_STYLE = Automatic;
				DEVELOPMENT_TEAM = BA6JPD8SYU;
				INFOPLIST_FILE = JLToolsDemoTests/Info.plist;
				IPHONEOS_DEPLOYMENT_TARGET = 14.1;
				LD_RUNPATH_SEARCH_PATHS = (
					"$(inherited)",
					"@executable_path/Frameworks",
					"@loader_path/Frameworks",
				);
				PRODUCT_BUNDLE_IDENTIFIER = JohnLyn.JLToolsDemoTests;
				PRODUCT_NAME = "$(TARGET_NAME)";
				TARGETED_DEVICE_FAMILY = "1,2";
				TEST_HOST = "$(BUILT_PRODUCTS_DIR)/JLToolsDemo.app/JLToolsDemo";
			};
			name = Debug;
		};
		91F4C99B255D17F20090EAA6 /* Release */ = {
			isa = XCBuildConfiguration;
			baseConfigurationReference = B75107FE25823944B914E79C /* Pods-JLToolsDemoTests.release.xcconfig */;
			buildSettings = {
				BUNDLE_LOADER = "$(TEST_HOST)";
				CODE_SIGN_STYLE = Automatic;
				DEVELOPMENT_TEAM = BA6JPD8SYU;
				INFOPLIST_FILE = JLToolsDemoTests/Info.plist;
				IPHONEOS_DEPLOYMENT_TARGET = 14.1;
				LD_RUNPATH_SEARCH_PATHS = (
					"$(inherited)",
					"@executable_path/Frameworks",
					"@loader_path/Frameworks",
				);
				PRODUCT_BUNDLE_IDENTIFIER = JohnLyn.JLToolsDemoTests;
				PRODUCT_NAME = "$(TARGET_NAME)";
				TARGETED_DEVICE_FAMILY = "1,2";
				TEST_HOST = "$(BUILT_PRODUCTS_DIR)/JLToolsDemo.app/JLToolsDemo";
			};
			name = Release;
		};
		91F4C99D255D17F20090EAA6 /* Debug */ = {
			isa = XCBuildConfiguration;
			baseConfigurationReference = 6B7DD6AF02FC8FE57CF74F70 /* Pods-JLToolsDemo-JLToolsDemoUITests.debug.xcconfig */;
			buildSettings = {
				CODE_SIGN_STYLE = Automatic;
				DEVELOPMENT_TEAM = BA6JPD8SYU;
				INFOPLIST_FILE = JLToolsDemoUITests/Info.plist;
				LD_RUNPATH_SEARCH_PATHS = (
					"$(inherited)",
					"@executable_path/Frameworks",
					"@loader_path/Frameworks",
				);
				PRODUCT_BUNDLE_IDENTIFIER = JohnLyn.JLToolsDemoUITests;
				PRODUCT_NAME = "$(TARGET_NAME)";
				TARGETED_DEVICE_FAMILY = "1,2";
				TEST_TARGET_NAME = JLToolsDemo;
			};
			name = Debug;
		};
		91F4C99E255D17F20090EAA6 /* Release */ = {
			isa = XCBuildConfiguration;
			baseConfigurationReference = 54D0A6F4D22FDB9090D9AC34 /* Pods-JLToolsDemo-JLToolsDemoUITests.release.xcconfig */;
			buildSettings = {
				CODE_SIGN_STYLE = Automatic;
				DEVELOPMENT_TEAM = BA6JPD8SYU;
				INFOPLIST_FILE = JLToolsDemoUITests/Info.plist;
				LD_RUNPATH_SEARCH_PATHS = (
					"$(inherited)",
					"@executable_path/Frameworks",
					"@loader_path/Frameworks",
				);
				PRODUCT_BUNDLE_IDENTIFIER = JohnLyn.JLToolsDemoUITests;
				PRODUCT_NAME = "$(TARGET_NAME)";
				TARGETED_DEVICE_FAMILY = "1,2";
				TEST_TARGET_NAME = JLToolsDemo;
			};
			name = Release;
		};
/* End XCBuildConfiguration section */

/* Begin XCConfigurationList section */
		91F4C962255D17F00090EAA6 /* Build configuration list for PBXProject "JLToolsDemo" */ = {
			isa = XCConfigurationList;
			buildConfigurations = (
				91F4C994255D17F20090EAA6 /* Debug */,
				91F4C995255D17F20090EAA6 /* Release */,
			);
			defaultConfigurationIsVisible = 0;
			defaultConfigurationName = Release;
		};
		91F4C996255D17F20090EAA6 /* Build configuration list for PBXNativeTarget "JLToolsDemo" */ = {
			isa = XCConfigurationList;
			buildConfigurations = (
				91F4C997255D17F20090EAA6 /* Debug */,
				91F4C998255D17F20090EAA6 /* Release */,
			);
			defaultConfigurationIsVisible = 0;
			defaultConfigurationName = Release;
		};
		91F4C999255D17F20090EAA6 /* Build configuration list for PBXNativeTarget "JLToolsDemoTests" */ = {
			isa = XCConfigurationList;
			buildConfigurations = (
				91F4C99A255D17F20090EAA6 /* Debug */,
				91F4C99B255D17F20090EAA6 /* Release */,
			);
			defaultConfigurationIsVisible = 0;
			defaultConfigurationName = Release;
		};
		91F4C99C255D17F20090EAA6 /* Build configuration list for PBXNativeTarget "JLToolsDemoUITests" */ = {
			isa = XCConfigurationList;
			buildConfigurations = (
				91F4C99D255D17F20090EAA6 /* Debug */,
				91F4C99E255D17F20090EAA6 /* Release */,
			);
			defaultConfigurationIsVisible = 0;
			defaultConfigurationName = Release;
		};
/* End XCConfigurationList section */
	};
	rootObject = 91F4C95F255D17F00090EAA6 /* Project object */;
}
